{"SurveyEntry":{"SurveyID":"SV_1Age0rnGB2wA2Wy","SurveyName":"Phenomenological Control Scale","SurveyDescription":null,"SurveyOwnerID":"UR_5vjbKzd6Ilx3CeN","SurveyBrandID":"universityofsussex","DivisionID":"DV_0vaTWdLTtZ6c4G9","SurveyLanguage":"EN","SurveyActiveResponseSet":"RS_9KPmmXdf494Oc7A","SurveyStatus":"Inactive","SurveyStartDate":"0000-00-00 00:00:00","SurveyExpirationDate":"0000-00-00 00:00:00","SurveyCreationDate":"2021-10-15 05:58:03","CreatorID":"UR_5vjbKzd6Ilx3CeN","LastModified":"2022-01-11 06:21:13","LastAccessed":"0000-00-00 00:00:00","LastActivated":"0000-00-00 00:00:00","Deleted":null},"SurveyElements":[{"SurveyID":"SV_1Age0rnGB2wA2Wy","Element":"BL","PrimaryAttribute":"Survey Blocks","SecondaryAttribute":null,"TertiaryAttribute":null,"Payload":{"0":{"Type":"Default","Description":"Information \/ Consent","ID":"BL_9LlS4RB4ayuD4ZD","BlockElements":[{"Type":"Question","QuestionID":"QID1"},{"Type":"Page Break"},{"Type":"Question","QuestionID":"QID2"},{"Type":"Question","QuestionID":"QID3","SkipLogic":[{"SkipLogicID":1,"ChoiceLocator":"q:\/\/QID3\/SelectableChoice\/2","Condition":"Selected","SkipToDestination":"ENDOFSURVEY","Locator":"q:\/\/QID3\/SelectableChoice\/2","SkipToDescription":"<p><span style=\"color:#0000... <strong>No<\/strong>  <strong>Is Selected<\/strong>","Description":"Condition: <strong title=\"No\">No<\/strong> <strong>Is Selected<\/strong>. Skip To: <strong>End of Survey<\/strong>.","QuestionID":"QID3"}]},{"Type":"Page Break"},{"Type":"Question","QuestionID":"QID5"},{"Type":"Question","QuestionID":"QID79"},{"Type":"Question","QuestionID":"QID83"},{"Type":"Question","QuestionID":"QID8"},{"Type":"Question","QuestionID":"QID9"},{"Type":"Page Break"}],"Options":{"BlockLocking":"false","RandomizeQuestions":"false","BlockVisibility":"Expanded"}},"1":{"Type":"Trash","Description":"Trash \/ Unused Questions","ID":"BL_6g0HmpHUr3Tz6cJ","BlockElements":[],"Options":{"BlockLocking":"false","RandomizeQuestions":"false","BlockVisibility":"Expanded"}},"3":{"Type":"Standard","SubType":"","Description":"PC Screening","ID":"BL_eJXAztCcWIlHqmN","BlockElements":[{"Type":"Question","QuestionID":"QID13"},{"Type":"Question","QuestionID":"QID15"},{"Type":"Page Break"},{"Type":"Question","QuestionID":"QID16"},{"Type":"Page Break"},{"Type":"Question","QuestionID":"QID18"},{"Type":"Question","QuestionID":"QID19"},{"Type":"Question","QuestionID":"QID75"},{"Type":"Page Break"},{"Type":"Question","QuestionID":"QID20"},{"Type":"Question","QuestionID":"QID21"},{"Type":"Page Break"},{"Type":"Question","QuestionID":"QID22"},{"Type":"Question","QuestionID":"QID24"},{"Type":"Question","QuestionID":"QID94"},{"Type":"Page Break"}],"Options":{"BlockLocking":"false","RandomizeQuestions":"false","BlockVisibility":"Expanded"}},"4":{"Type":"Standard","SubType":"","Description":"PC Response Booklet","ID":"BL_8ijKMWH17zi1EdD","BlockElements":[{"Type":"Question","QuestionID":"QID27"},{"Type":"Question","QuestionID":"QID28"},{"Type":"Page Break"},{"Type":"Question","QuestionID":"QID31"},{"Type":"Question","QuestionID":"QID38"},{"Type":"Question","QuestionID":"QID92"},{"Type":"Page Break"},{"Type":"Question","QuestionID":"QID70"},{"Type":"Question","QuestionID":"QID71"},{"Type":"Page Break"},{"Type":"Question","QuestionID":"QID34"},{"Type":"Page Break"},{"Type":"Question","QuestionID":"QID37"},{"Type":"Page Break"},{"Type":"Question","QuestionID":"QID39"},{"Type":"Page Break"},{"Type":"Question","QuestionID":"QID42"},{"Type":"Page Break"},{"Type":"Question","QuestionID":"QID44"},{"Type":"Page Break"},{"Type":"Question","QuestionID":"QID46"},{"Type":"Page Break"},{"Type":"Question","QuestionID":"QID52"},{"Type":"Question","QuestionID":"QID73"},{"Type":"Page Break"},{"Type":"Question","QuestionID":"QID56"},{"Type":"Page Break"},{"Type":"Question","QuestionID":"QID58"},{"Type":"Page Break"},{"Type":"Question","QuestionID":"QID60"},{"Type":"Page Break"},{"Type":"Question","QuestionID":"QID63"},{"Type":"Page Break"},{"Type":"Question","QuestionID":"QID65"},{"Type":"Page Break"},{"Type":"Question","QuestionID":"QID72"},{"Type":"Question","QuestionID":"QID68"},{"Type":"Question","QuestionID":"QID227"}],"Options":{"BlockLocking":"false","RandomizeQuestions":"false","BlockVisibility":"Expanded"}}}},{"SurveyID":"SV_1Age0rnGB2wA2Wy","Element":"FL","PrimaryAttribute":"Survey Flow","SecondaryAttribute":null,"TertiaryAttribute":null,"Payload":{"Type":"Root","FlowID":"FL_1","Flow":[{"Type":"EmbeddedData","FlowID":"FL_2","EmbeddedData":[{"Description":"count","Type":"Custom","Field":"count","VariableType":"String","DataVisibility":[],"AnalyzeText":false,"Value":"0"}]},{"Type":"EmbeddedData","FlowID":"FL_18","EmbeddedData":[{"Description":"timeStampOfOnLoad_Slide1","Type":"Recipient","Field":"timeStampOfOnLoad_Slide1","VariableType":"String","DataVisibility":[],"AnalyzeText":false}]},{"Type":"EmbeddedData","FlowID":"FL_19","EmbeddedData":[{"Description":"timeStampOfOnLoad_ML_end","Type":"Recipient","Field":"timeStampOfOnLoad_ML_end","VariableType":"String","DataVisibility":[],"AnalyzeText":false}]},{"Type":"Block","ID":"BL_9LlS4RB4ayuD4ZD","FlowID":"FL_3","Autofill":[]},{"Type":"Standard","ID":"BL_eJXAztCcWIlHqmN","FlowID":"FL_4","Autofill":[]},{"Type":"Standard","ID":"BL_8ijKMWH17zi1EdD","FlowID":"FL_5","Autofill":[]}],"Properties":{"Count":19,"RemovedFieldsets":[]}}},{"SurveyID":"SV_1Age0rnGB2wA2Wy","Element":"RS","PrimaryAttribute":"RS_9KPmmXdf494Oc7A","SecondaryAttribute":null,"TertiaryAttribute":null,"Payload":null},{"SurveyID":"SV_1Age0rnGB2wA2Wy","Element":"SO","PrimaryAttribute":"Survey Options","SecondaryAttribute":null,"TertiaryAttribute":null,"Payload":{"BackButton":"false","SaveAndContinue":"true","SurveyProtection":"PublicSurvey","BallotBoxStuffingPrevention":"false","NoIndex":"Yes","SecureResponseFiles":"true","SurveyExpiration":"None","SurveyTermination":"DefaultMessage","Header":"","Footer":"","ProgressBarDisplay":"None","PartialData":"+1 week","ValidationMessage":null,"PreviousButton":" \u2190 ","NextButton":" \u2192 ","SurveyTitle":"Online Survey Software | Qualtrics Survey Solutions","SkinLibrary":"universityofsussex","SkinType":"templated","Skin":{"brandingId":null,"templateId":"*base","overrides":null},"NewScoring":1,"CustomStyles":{"errorStyles":{"selector":".Skin .ValidationError","styles":{"color":null,"backgroundColor":null,"borderColor":null}},"errorStylesBG":{"selector":".Skin .HeaderValidationError, .Skin .HeaderValidationError li a","styles":{"color":null,"backgroundColor":null}},"pageStyles":{"selector":"#SurveyEngineBody","styles":{"backgroundColor":null}},"textStyles":{"selector":".SkinInner","styles":{"fontFamily":null,"fontSize":null,"fontWeight":null,"fontStyle":null,"textDecoration":null,"color":"rgb(0, 0, 0)"}},"questionStyles":{"selector":".Skin .QuestionText","styles":{"fontFamily":null,"fontSize":null,"fontWeight":null,"fontStyle":null,"textDecoration":null,"color":"rgb(0, 0, 0)"}},"choiceStyles":{"selector":".Skin .horizontalbar th.ylabel, .Skin .Matrix table td, .Skin .Matrix table th, .Skin .Matrix table thead th, .Skin .Matrix table thead td, .Skin .PGR .DragAndDrop .Items label, .Skin .QuestionBody ul.ChoiceStructure, .Skin .PGR .DragAndDrop .Group ul, .Skin .PGR .DragAndDrop .Group h2, .Skin .PGR .DragAndDrop .Items ul, .Skin .PGR .DragAndDrop .Items h2, .Skin .DD .QuestionBody table.ChoiceStructure, .Skin .PGR .DragAndDrop .NoColumns td.groupsContainerTd div ul, .Skin .PGR .DragAndDrop .NoColumns td.groupsContainerTd div h2, .Skin .SBS thead th, .Skin .SBS td, .Skin .SBS .Answers td, .Skin .SBS .Answers th, .SBS table.ChoiceStructure, .Skin .horizontalbar thead table.LabelDescriptions tr td, .Skin .horizontalbar thead tr td.NotApplicable, .QuestionBody th, .Skin .QuestionBody .MC .MAVR label, .Skin .QuestionBody .MC .SAVR label, .Skin .SBS thead th, .Skin .SBS td, .Skin .RO .DND ul li, .Skin .reg, .SkinInner .ChoiceStructure, .Skin thead, .Skin .GAP .ChoiceStructure thead th, .Skin .GAP .ChoiceStructure .c4, .Skin .GAP .ChoiceStructure th, .Skin .GAP .ChoiceStructure .WhyText, .SkinInner .ChoiceStructure .LightBG, .Skin .QuestionOuter.Highlight .Inner .reg, .Skin .QuestionOuter.Highlight .Inner .alt, .Skin .QuestionOuter.Highlight .Inner .ReadableAlt       ","styles":{"fontFamily":null,"fontSize":null,"fontWeight":null,"fontStyle":null,"textDecoration":null,"color":"rgb(0, 0, 0)"}},"headerStyles":{"selector":".Skin div#Header","styles":{"color":null}},"footerStyles":{"selector":".Skin #Footer","styles":{"color":null}},"questionSeparatorStyles":{"selector":".Skin .Separator","styles":{"backgroundColor":null,"display":null}},"highlightStyles":{"selector":".Skin .QuestionOuter.Highlight .Inner, .Skin .QuestionOuter.Highlight .Inner .reg, .Skin .QuestionOuter.Highlight .Inner .alt, .Skin .QuestionOuter.Highlight .Inner .ReadableAlt","styles":{"backgroundColor":null}},"highlightStylesAlt":{"selector":".Skin .QuestionOuter.Highlight .Inner .ReadableAlt, .Skin .QuestionOuter.Highlight .Inner .LightBG","styles":{"backgroundColor":null}},"textEntryStyles":{"selector":".Skin select, .Skin .InputText","styles":{"color":"rgb(0, 0, 0)"}},"borderStyles":{"selector":".Skin .CS .horizontalbar table.sliderGrid tr.xlabel th, .Skin .CS .horizontalbar .ylabel, .Skin .CS .horizontalbar table.sliderGrid tr td.value, .Skin .Slider .horizontalbar table.sliderGrid tr.xlabel th, .Skin .BorderColor, .Skin .DarkBorderColor, .Skin .Slider .horizontalbar table.sliderGrid tr td.value, .Skin thead, .Skin .GAP .ChoiceStructure thead th  ","styles":{"borderColor":null}},"altRowStyles":{"selector":".Skin .ReadableAlt, .Skin .LightBG","styles":{"backgroundColor":null}},"customCSS":null},"libraryId":"","nextButtonMid":"","previousButtonMid":"","headerMid":"","footerMid":"","QuestionsPerPage":"","PageTransition":"Fade","Autofocus":"false","Autoadvance":"false","AutoadvancePages":"false","ExternalCSS":null,"HighlightQuestions":"off","ProtectSelectionIds":true,"EOSMessage":null,"ShowExportTags":"false","CollectGeoLocation":"false","SurveyMetaDescription":"The most powerful, simple and trusted way to gather experience data. Start your journey to experience management and try a free account today.","PasswordProtection":"No","AnonymizeResponse":"Yes","RefererCheck":"No","UseCustomSurveyLinkCompletedMessage":null,"SurveyLinkCompletedMessage":null,"SurveyLinkCompletedMessageLibrary":null,"ResponseSummary":"No","EOSMessageLibrary":null,"EOSRedirectURL":null,"EmailThankYou":"false","ThankYouEmailMessageLibrary":null,"ThankYouEmailMessage":null,"ValidateMessage":"false","ValidationMessageLibrary":null,"InactiveSurvey":null,"PartialDeletion":null,"PartialDataCloseAfter":"LastActivity","InactiveMessageLibrary":null,"InactiveMessage":null,"AvailableLanguages":{"EN":[]}}},{"SurveyID":"SV_1Age0rnGB2wA2Wy","Element":"SCO","PrimaryAttribute":"Scoring","SecondaryAttribute":null,"TertiaryAttribute":null,"Payload":{"ScoringCategories":[],"ScoringCategoryGroups":[],"ScoringSummaryCategory":null,"ScoringSummaryAfterQuestions":0,"ScoringSummaryAfterSurvey":0,"DefaultScoringCategory":null,"AutoScoringCategory":null}},{"SurveyID":"SV_1Age0rnGB2wA2Wy","Element":"PROJ","PrimaryAttribute":"CORE","SecondaryAttribute":null,"TertiaryAttribute":"1.1.0","Payload":{"ProjectCategory":"CORE","SchemaVersion":"1.1.0"}},{"SurveyID":"SV_1Age0rnGB2wA2Wy","Element":"STAT","PrimaryAttribute":"Survey Statistics","SecondaryAttribute":null,"TertiaryAttribute":null,"Payload":{"MobileCompatible":true,"ID":"Survey Statistics"}},{"SurveyID":"SV_1Age0rnGB2wA2Wy","Element":"SQ","PrimaryAttribute":"QID42","SecondaryAttribute":"1. Hand lowering \u00a0 You were told to extend your right arm straight out and feel it becoming heavy..","TertiaryAttribute":null,"Payload":{"QuestionText":"<p><span style=\"color:#000000;\"><strong>1. Hand lowering<\/strong><\/span><\/p>\n\n<p>&nbsp;<\/p>\n\n<p>You were told to extend your right arm straight out and feel it becoming heavy as though a weight were pulling the hand and arm down.<\/p>\n\n<p>&nbsp;<\/p>\n\n<p>On a scale from 0 to 5, how strongly did you feel your hand becoming heavy, where 0 means you felt your arm was no more heavy than normal and 5 means you felt your arm becoming as heavy as if you had a heavy object in your hand, pulling it down?<\/p>\n\n<div>&nbsp;<\/div>","DataExportTag":"1handlowersubj","QuestionType":"MC","Selector":"SAHR","SubSelector":"TX","DataVisibility":{"Private":false,"Hidden":false},"Configuration":{"QuestionDescriptionOption":"UseText","LabelPosition":"BELOW"},"QuestionDescription":"1. Hand lowering \u00a0 You were told to extend your right arm straight out and feel it becoming heavy...","Choices":{"1":{"Display":"<span style=\"color:#000000;\">Normal heaviness<br \/>\n0<\/span>"},"2":{"Display":"<span style=\"color:#000000;\">1<\/span>"},"3":{"Display":"<span style=\"color:#000000;\">2<\/span>"},"4":{"Display":"<span style=\"color:#000000;\">3<\/span>"},"5":{"Display":"4"},"6":{"Display":"<span style=\"color:#000000;\">Very heavy<br \/>\n5<\/span>"}},"ChoiceOrder":[1,2,3,4,5,6],"Validation":{"Settings":{"ForceResponse":"ON","ForceResponseType":"ON","Type":"None"}},"Language":[],"NextChoiceId":7,"NextAnswerId":1,"QuestionID":"QID42"}},{"SurveyID":"SV_1Age0rnGB2wA2Wy","Element":"SQ","PrimaryAttribute":"QID72","SecondaryAttribute":"10. Post session experience \u00a0 You were told that you would press the space bar six times in a row..","TertiaryAttribute":null,"Payload":{"QuestionText":"<div><strong><span style=\"color:#000000;\">10. Post session experience <\/span><\/strong><\/div>\n\n<div>&nbsp;<\/div>\n\n<div>You were told that you would press the space bar six times in a row, but that you would forget that you were told to do so.<\/div>\n\n<div>&nbsp;<\/div>\n\n<div>On a scale from 0 to 5, report how strong an urge you felt to press the space bar, where 0 means you had no urge whatsoever and 5 means you had a clear urge to press the space bar repeatedly.<\/div>","DefaultChoices":false,"DataExportTag":"10spacebarsubj1","QuestionType":"MC","Selector":"SAHR","SubSelector":"TX","DataVisibility":{"Private":false,"Hidden":false},"Configuration":{"QuestionDescriptionOption":"UseText","LabelPosition":"BELOW"},"QuestionDescription":"10. Post session experience \u00a0 You were told that you would press the space bar six times in a row...","Choices":{"1":{"Display":"<span style=\"color:#000000;\">No urge<br \/>\n0<\/span>"},"2":{"Display":"<span style=\"color:#000000;\">1<\/span>"},"3":{"Display":"<span style=\"color:#000000;\">2<\/span>"},"4":{"Display":"<span style=\"color:#000000;\">3<\/span>"},"5":{"Display":"<span style=\"color:#000000;\">4<\/span>"},"6":{"Display":"<span style=\"color:#000000;\">Clear urge<br \/>\n5<\/span>"}},"ChoiceOrder":[1,2,3,4,5,6],"Validation":{"Settings":{"ForceResponse":"ON","ForceResponseType":"ON","Type":"None"}},"GradingData":[],"Language":[],"NextChoiceId":7,"NextAnswerId":1,"QuestionID":"QID72"}},{"SurveyID":"SV_1Age0rnGB2wA2Wy","Element":"SQ","PrimaryAttribute":"QID44","SecondaryAttribute":"2. Moving hands together \u00a0 You were next told to hold your hands out in front of you about a foot..","TertiaryAttribute":null,"Payload":{"QuestionText":"<div><strong><span style=\"color:#000000;\">2. Moving hands together <\/span><\/strong><\/div>\n\n<div>&nbsp;<\/div>\n\n<div>You were next told to hold your hands out in front of you about a foot apart and then told to imagine a force pulling your hands together.<\/div>\n\n<div>&nbsp;<\/div>\n\n<div>On a scale from 0 to 5, how strongly did you feel a force between your hands, where 0 means you felt no force at all and 5 means you felt a force so strong it was as if your hands were real magnets?<\/div>","DataExportTag":"2handtogethersubj","QuestionType":"MC","Selector":"SAHR","SubSelector":"TX","DataVisibility":{"Private":false,"Hidden":false},"Configuration":{"QuestionDescriptionOption":"UseText","LabelPosition":"BELOW"},"QuestionDescription":"2. Moving hands together \u00a0 You were next told to hold your hands out in front of you about a foot...","Choices":{"1":{"Display":"<span style=\"color:#000000;\">No force<\/span><br \/>\n0"},"2":{"Display":"<span style=\"color:#000000;\">1<\/span>"},"3":{"Display":"<span style=\"color:#000000;\">2<\/span>"},"4":{"Display":"<span style=\"color:#000000;\">3<\/span>"},"5":{"Display":"<span style=\"color:#000000;\">4<\/span>"},"6":{"Display":"<span style=\"color:#000000;\">Strong force<br \/>\n5<\/span>"}},"ChoiceOrder":[1,2,3,4,5,6],"Validation":{"Settings":{"ForceResponse":"ON","ForceResponseType":"ON","Type":"None"}},"Language":[],"NextChoiceId":7,"NextAnswerId":1,"QuestionID":"QID44"}},{"SurveyID":"SV_1Age0rnGB2wA2Wy","Element":"QC","PrimaryAttribute":"Survey Question Count","SecondaryAttribute":"229","TertiaryAttribute":null,"Payload":null},{"SurveyID":"SV_1Age0rnGB2wA2Wy","Element":"SQ","PrimaryAttribute":"QID46","SecondaryAttribute":"3. Experiencing of mosquito \u00a0 You were next told to become aware of the buzzing of a mosquito whi..","TertiaryAttribute":null,"Payload":{"QuestionText":"<div><strong><span style=\"color:#000000;\">3. Experiencing of mosquito<\/span><\/strong><\/div>\n\n<div>&nbsp;<\/div>\n\n<div>You were next told to become aware of the buzzing of a mosquito which was said to become annoying, and then you were told to brush it off.<\/div>\n\n<div>&nbsp;<\/div>\n\n<div>On a scale from 0 to 5, how strongly did you feel the sensation of a mosquito being there, in either sound or touch, where 0 means you felt no sensation and 5 means you felt by any means as if there actually was a mosquito there?<\/div>","DataExportTag":"3mosquitosubj","QuestionType":"MC","Selector":"SAHR","SubSelector":"TX","DataVisibility":{"Private":false,"Hidden":false},"Configuration":{"QuestionDescriptionOption":"UseText","LabelPosition":"BELOW"},"QuestionDescription":"3. Experiencing of mosquito \u00a0 You were next told to become aware of the buzzing of a mosquito whi...","Choices":{"1":{"Display":"<span style=\"color:#000000;\">No mosquito<br \/>\n0<\/span>"},"2":{"Display":"<span style=\"color:#000000;\">1<\/span>"},"3":{"Display":"<span style=\"color:#000000;\">2<\/span>"},"4":{"Display":"<span style=\"color:#000000;\">3<\/span>"},"5":{"Display":"<span style=\"color:#000000;\">4<\/span>"},"6":{"Display":"<span style=\"color:#000000;\">Like a real mosquito<br \/>\n5<\/span>"}},"ChoiceOrder":[1,2,3,4,5,6],"Validation":{"Settings":{"ForceResponse":"ON","ForceResponseType":"ON","Type":"None"}},"Language":[],"NextChoiceId":7,"NextAnswerId":1,"QuestionID":"QID46"}},{"SurveyID":"SV_1Age0rnGB2wA2Wy","Element":"SQ","PrimaryAttribute":"QID52","SecondaryAttribute":"4. Taste Experience \u00a0 You were next told that you would have a sweet taste in your mouth, and the..","TertiaryAttribute":null,"Payload":{"QuestionText":"<div>\n<p><strong><span style=\"color:#000000;\"><span style=\"font-family: Arial, sans-serif;\">4. Taste Experience<\/span><\/span><\/strong><\/p>\n\n<p>&nbsp;<\/p>\n\n<p><span style=\"font-family: Arial, sans-serif;\">You were next told that you would have a sweet taste in your mouth, and then you were told that you would have a sour taste in your mouth.<\/span><br \/>\n<br \/>\n<span style=\"font-family: Arial, sans-serif;\">On a scale from 0 to 5, how strongly did you taste a sweet taste in your mouth, where 0 means you felt no taste at all and 5 means you felt a strong taste.<\/span><\/p>\n<\/div>","DataExportTag":"4Tastesweetsubj2","QuestionType":"MC","Selector":"SAHR","SubSelector":"TX","DataVisibility":{"Private":false,"Hidden":false},"Configuration":{"QuestionDescriptionOption":"UseText","LabelPosition":"BELOW"},"QuestionDescription":"4. Taste Experience \u00a0 You were next told that you would have a sweet taste in your mouth, and the...","Choices":{"1":{"Display":"<span style=\"color:#000000;\">No taste<br \/>\n0<\/span>"},"2":{"Display":"<span style=\"color:#000000;\">1<\/span>"},"3":{"Display":"<span style=\"color:#000000;\">2<\/span>"},"4":{"Display":"<span style=\"color:#000000;\">3<\/span>"},"5":{"Display":"<span style=\"color:#000000;\">4<\/span>"},"6":{"Display":"<span style=\"color:#000000;\">Strong taste<br \/>\n5<\/span>"}},"ChoiceOrder":[1,2,3,4,5,6],"Validation":{"Settings":{"ForceResponse":"ON","ForceResponseType":"ON","Type":"None"}},"Language":[],"NextChoiceId":7,"NextAnswerId":1,"QuestionID":"QID52"}},{"SurveyID":"SV_1Age0rnGB2wA2Wy","Element":"SQ","PrimaryAttribute":"QID56","SecondaryAttribute":"5. Arm Rigidity (right arm) \u00a0 You were next told to extend your right arm straight out, then to n..","TertiaryAttribute":null,"Payload":{"QuestionText":"<p><strong><span style=\"color:#000000;\">5. Arm Rigidity (right arm) <\/span><\/strong><\/p>\n\n<p>&nbsp;<\/p>\n\n<p>You were next told to extend your right arm straight out, then to notice it becoming stiff, and then told to try to bend it.<\/p>\n\n<p>&nbsp;<\/p>\n\n<p>On a scale from 0 to 5, how stiff did your arm feel, where 0 means no more stiffness than normal and 5 means you could feel a stiffness so compelling no amount of effort would overcome it?<\/p>","DataExportTag":"5rigidsubj","QuestionType":"MC","Selector":"SAHR","SubSelector":"TX","DataVisibility":{"Private":false,"Hidden":false},"Configuration":{"QuestionDescriptionOption":"UseText","LabelPosition":"BELOW"},"QuestionDescription":"5. Arm Rigidity (right arm) \u00a0 You were next told to extend your right arm straight out, then to n...","Choices":{"1":{"Display":"<span style=\"color:#000000;\">Normal \/ No stiffness<br \/>\n0<\/span>"},"2":{"Display":"<span style=\"color:#000000;\">1<\/span>"},"3":{"Display":"<span style=\"color:#000000;\">2<\/span>"},"4":{"Display":"<span style=\"color:#000000;\">3<\/span>"},"5":{"Display":"<span style=\"color:#000000;\">4<\/span>"},"6":{"Display":"<span style=\"color:#000000;\">Very stiff<br \/>\n5<\/span>"}},"ChoiceOrder":[1,2,3,4,5,6],"Validation":{"Settings":{"ForceResponse":"ON","ForceResponseType":"ON","Type":"None"}},"Language":[],"NextChoiceId":7,"NextAnswerId":1,"QuestionID":"QID56"}},{"SurveyID":"SV_1Age0rnGB2wA2Wy","Element":"SQ","PrimaryAttribute":"QID58","SecondaryAttribute":"6. Arm immobilization (left arm) \u00a0 You were next told how heavy your left hand and arm felt and t..","TertiaryAttribute":null,"Payload":{"QuestionText":"<div><strong><span style=\"color:#000000;\">6. Arm immobilization (left arm) <\/span><\/strong><\/div>\n\n<div>&nbsp;<\/div>\n\n<div>You were next told how heavy your left hand and arm felt and then told to try to lift your hand up.<\/div>\n\n<div>&nbsp;<\/div>\n\n<div>On a scale from 0 to 5, how strongly did you feel a heaviness in your hand, where 0 means you felt no heaviness at all and 5 means your hand felt so heavy it was as if a very heavy object was actually pressing it down?<\/div>","DataExportTag":"6mobilizationsubj","QuestionType":"MC","Selector":"SAHR","SubSelector":"TX","DataVisibility":{"Private":false,"Hidden":false},"Configuration":{"QuestionDescriptionOption":"UseText","LabelPosition":"BELOW"},"QuestionDescription":"6. Arm immobilization (left arm) \u00a0 You were next told how heavy your left hand and arm felt and t...","Choices":{"1":{"Display":"<span style=\"color:#000000;\">Normal \/ No heaviness<br \/>\n0<\/span>"},"2":{"Display":"<span style=\"color:#000000;\">1<\/span>"},"3":{"Display":"<span style=\"color:#000000;\">2<\/span>"},"4":{"Display":"<span style=\"color:#000000;\">3<\/span>"},"5":{"Display":"<span style=\"color:#000000;\">4<\/span>"},"6":{"Display":"<span style=\"color:#000000;\">Very heavy<br \/>\n5<\/span>"}},"ChoiceOrder":[1,2,3,4,5,6],"Validation":{"Settings":{"ForceResponse":"ON","ForceResponseType":"ON","Type":"None"}},"Language":[],"NextChoiceId":7,"NextAnswerId":1,"QuestionID":"QID58"}},{"SurveyID":"SV_1Age0rnGB2wA2Wy","Element":"SQ","PrimaryAttribute":"QID60","SecondaryAttribute":"7. Music hallucination \u00a0 Next you were asked to hold your right hand up when you could satisfacto..","TertiaryAttribute":null,"Payload":{"QuestionText":"<p><strong><span style=\"color:#000000;\">7. Music hallucination<\/span><\/strong><\/p>\n\n<p>&nbsp;<\/p>\n\n<p>Next you were asked to hold your right hand up when you could satisfactorily hear the recording of Happy Birthday to You.<\/p>\n\n<p>&nbsp;<\/p>\n\n<p>On a scale from 0 to 5, report how clearly you heard the music, where 0 means you did not hear any music at all and 5 means you heard it so clearly it was as though it was coming from the best sound system.<\/p>","DataExportTag":"7musicsubj","QuestionType":"MC","Selector":"SAHR","SubSelector":"TX","DataVisibility":{"Private":false,"Hidden":false},"Configuration":{"QuestionDescriptionOption":"UseText","LabelPosition":"BELOW"},"QuestionDescription":"7. Music hallucination \u00a0 Next you were asked to hold your right hand up when you could satisfacto...","Choices":{"1":{"Display":"<span style=\"color:#000000;\">No music<br \/>\n0<\/span>"},"2":{"Display":"<span style=\"color:#000000;\">1<\/span>"},"3":{"Display":"<span style=\"color:#000000;\">2<\/span>"},"4":{"Display":"<span style=\"color:#000000;\">3<\/span>"},"5":{"Display":"<span style=\"color:#000000;\">4<\/span>"},"6":{"Display":"<span style=\"color:#000000;\">Clearly heard music<br \/>\n5<\/span>"}},"ChoiceOrder":[1,2,3,4,5,6],"Validation":{"Settings":{"ForceResponse":"ON","ForceResponseType":"ON","Type":"None"}},"Language":[],"NextChoiceId":7,"NextAnswerId":1,"QuestionID":"QID60"}},{"SurveyID":"SV_1Age0rnGB2wA2Wy","Element":"SQ","PrimaryAttribute":"QID63","SecondaryAttribute":"8. Negative visual hallucination \u00a0 You were next told to open your eyes and look at a picture of...","TertiaryAttribute":null,"Payload":{"QuestionText":"<p><strong><span style=\"color:#000000;\">8. Negative visual hallucination<\/span><\/strong><\/p>\n\n<p>&nbsp;<\/p>\n\n<p>You were next told to open your eyes and look at a picture of two coloured balls. You then typed in the colour of the balls that you saw.<br><\/p>&nbsp;\n\n<p>On a scale from 0 to 5, how invisible was a third ball, where 0 means you saw three balls clearly, and 5 means you only saw two balls, and any number in between means you had some difficulty in seeing a third ball?<\/p>","DataExportTag":"8ballssubj","QuestionType":"MC","Selector":"SAHR","SubSelector":"TX","DataVisibility":{"Private":false,"Hidden":false},"Configuration":{"QuestionDescriptionOption":"UseText","LabelPosition":"BELOW"},"QuestionDescription":"8. Negative visual hallucination \u00a0 You were next told to open your eyes and look at a picture of...","Choices":{"1":{"Display":"<span style=\"color:#000000;\">Saw three balls<br \/>\n0<\/span>"},"2":{"Display":"<span style=\"color:#000000;\">1<\/span>"},"3":{"Display":"<span style=\"color:#000000;\">2<\/span>"},"4":{"Display":"<span style=\"color:#000000;\">3<\/span>"},"5":{"Display":"4"},"6":{"Display":"<span style=\"color:#000000;\">Saw two balls<br \/>\n5<\/span>"}},"ChoiceOrder":[1,2,3,4,5,6],"Validation":{"Settings":{"ForceResponse":"ON","ForceResponseType":"ON","Type":"None"}},"Language":[],"NextChoiceId":7,"NextAnswerId":1,"QuestionID":"QID63"}},{"SurveyID":"SV_1Age0rnGB2wA2Wy","Element":"SQ","PrimaryAttribute":"QID65","SecondaryAttribute":"9. Amnesia \u00a0 You were then told that you would not be able to remember anything you did during th..","TertiaryAttribute":null,"Payload":{"QuestionText":"<p><strong><span style=\"color:#000000;\">9. Amnesia <\/span><\/strong><\/p>\n\n<p>&nbsp;<\/p>\n\n<p>You were then told that you would not be able to remember anything you did during the session until you were told &ldquo;now you can remember everything&rdquo;.<\/p>\n\n<p>&nbsp;<\/p>\n\n<p>On a scale from 0 to 5, how hard was it to remember events before you were told &ldquo;now you can remember everything&rdquo;, where 0 means you could remember events as easily as normal and 5 means you found it so difficult to remember it was as if there was an actual blank in your memory?<\/p>","DataExportTag":"9amnesiasubj","QuestionType":"MC","Selector":"SAHR","SubSelector":"TX","DataVisibility":{"Private":false,"Hidden":false},"Configuration":{"QuestionDescriptionOption":"UseText","LabelPosition":"BELOW"},"QuestionDescription":"9. Amnesia \u00a0 You were then told that you would not be able to remember anything you did during th...","Choices":{"1":{"Display":"<span style=\"color:#000000;\">Normal memory<br \/>\n0<\/span>"},"2":{"Display":"<span style=\"color:#000000;\">1<\/span>"},"3":{"Display":"<span style=\"color:#000000;\">2<\/span>"},"4":{"Display":"<span style=\"color:#000000;\">3<\/span>"},"5":{"Display":"<span style=\"color:#000000;\">4<\/span>"},"6":{"Display":"<span style=\"color:#000000;\">No memory<br \/>\n5<\/span>"}},"ChoiceOrder":[1,2,3,4,5,6],"Validation":{"Settings":{"ForceResponse":"ON","ForceResponseType":"ON","Type":"None"}},"Language":[],"NextChoiceId":7,"NextAnswerId":1,"QuestionID":"QID65"}},{"SurveyID":"SV_1Age0rnGB2wA2Wy","Element":"SQ","PrimaryAttribute":"QID8","SecondaryAttribute":"Age in years:","TertiaryAttribute":null,"Payload":{"QuestionText":"Age in years:","DefaultChoices":false,"DataExportTag":"age","QuestionType":"TE","Selector":"SL","Configuration":{"QuestionDescriptionOption":"UseText","InputWidth":127,"InputHeight":29},"QuestionDescription":"Age in years:","Validation":{"Settings":{"ForceResponse":"ON","ForceResponseType":"ON","Type":"ContentType","MinChars":"2","ContentType":"ValidNumber","ValidDateType":"DateWithFormat","ValidPhoneType":"ValidUSPhone","ValidZipType":"ValidUSZip","ValidNumber":{"Min":"16","Max":"99","NumDecimals":""}}},"GradingData":[],"Language":[],"NextChoiceId":1,"NextAnswerId":1,"SearchSource":{"AllowFreeResponse":"false"},"QuestionID":"QID8","DataVisibility":{"Private":false,"Hidden":false}}},{"SurveyID":"SV_1Age0rnGB2wA2Wy","Element":"SQ","PrimaryAttribute":"QID15","SecondaryAttribute":"\u00a0","TertiaryAttribute":null,"Payload":{"QuestionText":"<div style=\"text-align: center;\">&nbsp;<\/div>\n\n<audio class=\"qmedia\" controls=\"true\" height=\"40\" preload=\"auto\" width=\"320\"><source src=\"https:\/\/lancasteruni.eu.qualtrics.com\/CP\/File.php?F=F_b91roZAR86Yx71j\" type=\"audio\/mp3\" \/><embed class=\"qmedia\" flashconsts=\"file=https:\/\/lancasteruni.eu.qualtrics.com\/CP\/File.php?F=F_b91roZAR86Yx71j&amp;width=320&amp;height=20&amp;type=mp3&amp;autostart=false\" height=\"20\" pluginspage=\"http:\/\/adobe.com\/flashplayer\/\" src=\"\/WRQualtricsShared\/Flash\/flvplayer.swf\" type=\"application\/x-shockwave-flash\" width=\"320\" wmode=\"transparent\"><\/embed><\/audio>","DefaultChoices":false,"DataExportTag":"Q15","QuestionType":"DB","Selector":"TB","Configuration":{"QuestionDescriptionOption":"UseText"},"QuestionDescription":"\u00a0","ChoiceOrder":[],"Validation":{"Settings":{"Type":"None"}},"GradingData":[],"Language":[],"NextChoiceId":1,"NextAnswerId":1,"QuestionID":"QID15","DataVisibility":{"Private":false,"Hidden":false}}},{"SurveyID":"SV_1Age0rnGB2wA2Wy","Element":"SQ","PrimaryAttribute":"QID3","SecondaryAttribute":"By responding \u2018yes\u2019, you are indicating that you consent to participate","TertiaryAttribute":null,"Payload":{"QuestionText":"<p><span style=\"color:#000000;\"><span style=\"font-size: 10.5pt; font-family: Arial, sans-serif;\">By responding &lsquo;yes&rsquo;, you are indicating that you consent to participate<\/span><\/span><span style=\"font-size: 10.5pt; font-family: Arial, sans-serif;\"><o:p><\/o:p><\/span><\/p>","DataExportTag":"Consent","QuestionType":"MC","Selector":"SAVR","SubSelector":"TX","Configuration":{"QuestionDescriptionOption":"UseText"},"QuestionDescription":"By responding \u2018yes\u2019, you are indicating that you consent to participate","Choices":{"1":{"Display":"<span style=\"color:#000000;\">Yes<\/span>"},"2":{"Display":"<span style=\"color:#000000;\">No<\/span>"}},"ChoiceOrder":[1,2],"Validation":{"Settings":{"ForceResponse":"ON","ForceResponseType":"ON","Type":"None"}},"Language":[],"NextChoiceId":3,"NextAnswerId":1,"QuestionID":"QID3","DataVisibility":{"Private":false,"Hidden":false}}},{"SurveyID":"SV_1Age0rnGB2wA2Wy","Element":"SQ","PrimaryAttribute":"QID19","SecondaryAttribute":"Click to write the question text","TertiaryAttribute":null,"Payload":{"DefaultChoices":false,"DataExportTag":"Q19","QuestionType":"DB","Selector":"TB","Configuration":{"QuestionDescriptionOption":"UseText"},"ChoiceOrder":[],"Validation":{"Settings":{"Type":"None"}},"GradingData":[],"Language":[],"NextChoiceId":1,"NextAnswerId":1,"QuestionID":"QID19","QuestionText":"<iframe allow=\"accelerometer; autoplay; clipboard-write; encrypted-media; gyroscope; modestbranding; picture-in-picture\" allowfullscreen=\"\" frameborder=\"0\" height=\"315\" src=\"https:\/\/www.youtube.com\/embed\/OtZAoBejIoE?controls=0&amp;showinfo=0\" title=\"YouTube video player\" width=\"560\"><\/iframe>","QuestionDescription":"Click to write the question text","QuestionJS":"Qualtrics.SurveyEngine.addOnload(function()\n{\n\t\/*Place your JavaScript here to run when the page loads*\/\n\n});\n\nQualtrics.SurveyEngine.addOnReady(function() {\n    \n});\n\nQualtrics.SurveyEngine.addOnUnload(function()\n{\n\t\/*Place your JavaScript here to run when the page is unloaded*\/\n\n});","DataVisibility":{"Private":false,"Hidden":false}}},{"SurveyID":"SV_1Age0rnGB2wA2Wy","Element":"SQ","PrimaryAttribute":"QID24","SecondaryAttribute":"Click to write the question text","TertiaryAttribute":null,"Payload":{"QuestionText":"<embed autostart=\"true\" height=\"90\" hidden=\"true\" loop=\"false\" src=\"https:\/\/universityofsussex.eu.qualtrics.com\/CP\/File.php?F=F_87yCBWHQH0IZmxE\" width=\"180\"><\/embed>","DefaultChoices":false,"DataExportTag":"PC2 audio","QuestionType":"DB","Selector":"TB","Configuration":{"QuestionDescriptionOption":"UseText"},"QuestionDescription":"Click to write the question text","ChoiceOrder":[],"Validation":{"Settings":{"Type":"None"}},"GradingData":[],"Language":[],"NextChoiceId":1,"NextAnswerId":1,"QuestionID":"QID24","DataVisibility":{"Private":false,"Hidden":false}}},{"SurveyID":"SV_1Age0rnGB2wA2Wy","Element":"SQ","PrimaryAttribute":"QID92","SecondaryAttribute":"Click to write the question text","TertiaryAttribute":null,"Payload":{"QuestionText":"<embed autostart=\"true\" height=\"90\" hidden=\"true\" loop=\"false\" src=\"https:\/\/universityofsussex.eu.qualtrics.com\/CP\/File.php?F=F_aXKdRymYBfoZhR4\" width=\"180\"><\/embed>","DefaultChoices":false,"DataExportTag":"PC3 audio","QuestionType":"DB","Selector":"TB","DataVisibility":{"Private":false,"Hidden":false},"Configuration":{"QuestionDescriptionOption":"UseText"},"ChoiceOrder":[],"Validation":{"Settings":{"Type":"None"}},"GradingData":[],"Language":[],"NextChoiceId":1,"NextAnswerId":1,"QuestionID":"QID92","QuestionDescription":"Click to write the question text"}},{"SurveyID":"SV_1Age0rnGB2wA2Wy","Element":"SQ","PrimaryAttribute":"QID2","SecondaryAttribute":"ConsentPlease read this information carefully and then, if you wish to take part, tick the box t","TertiaryAttribute":null,"Payload":{"QuestionText":"<h1 style=\"text-align: center;\"><strong>Consent <\/strong><\/h1>\n\n<p style=\"text-align: left;\">&nbsp;<\/p>\n\n<p style=\"text-align: left;\"><br><\/p><ul>\n<\/ul>","DefaultChoices":false,"DataExportTag":"Consent Request","QuestionType":"DB","Selector":"TB","Configuration":{"QuestionDescriptionOption":"SpecifyLabel"},"QuestionDescription":"ConsentPlease read this information carefully and then, if you wish to take part, tick the box t","ChoiceOrder":[],"Validation":{"Settings":{"Type":"None"}},"GradingData":[],"Language":[],"NextChoiceId":4,"NextAnswerId":1,"QuestionID":"QID2","DataVisibility":{"Private":false,"Hidden":false}}},{"SurveyID":"SV_1Age0rnGB2wA2Wy","Element":"SQ","PrimaryAttribute":"QID83","SecondaryAttribute":"Email address:","TertiaryAttribute":null,"Payload":{"QuestionText":"Email address:","DefaultChoices":false,"DataExportTag":"Email","QuestionType":"TE","Selector":"SL","DataVisibility":{"Private":false,"Hidden":false},"Configuration":{"QuestionDescriptionOption":"UseText","InputWidth":524,"InputHeight":29},"QuestionDescription":"Email address:","Validation":{"Settings":{"ForceResponse":"ON","ForceResponseType":"ON","Type":"ContentType","MinChars":"1","ContentType":"ValidEmail","ValidDateType":"DateWithFormat","ValidPhoneType":"ValidUSPhone","ValidZipType":"ValidUSZip","ValidNumber":{"Min":"","Max":"","NumDecimals":""}}},"GradingData":[],"Language":[],"NextChoiceId":4,"NextAnswerId":1,"SearchSource":{"AllowFreeResponse":"false"},"QuestionID":"QID83"}},{"SurveyID":"SV_1Age0rnGB2wA2Wy","Element":"SQ","PrimaryAttribute":"QID34","SecondaryAttribute":"Feedback \u00a0 Here is a list of all the things you were asked to experience during the procedure: Ha..","TertiaryAttribute":null,"Payload":{"QuestionText":"<h1 style=\"text-align: center;\"><span style=\"font-size:19px;\"><strong><span style=\"color:#000000;\"><span style=\"font-family: Arial, sans-serif;\">Feedback <\/span><\/span><\/strong><\/span><\/h1>\n\n<div>&nbsp;<\/div>\n\n<div><span style=\"font-size:19px;\"><span style=\"color:#000000;\"><span style=\"font-family: Arial, sans-serif;\">Here is a list of all the things you were asked to experience during the procedure: <\/span><\/span><\/span><\/div><div><span style=\"font-size:19px;\"><span style=\"color:#000000;\"><span style=\"font-family: Arial, sans-serif;\"><br><\/span><\/span><\/span><\/div>\n\n<ul>\n\t<li><span style=\"font-size:19px;\"><span style=\"color:#000000;\"><span style=\"font-family: Arial, sans-serif;\">Hand too heavy to keep it out straight<\/span><\/span><\/span><\/li>\n\t<li><span style=\"font-size:19px;\"><span style=\"color:#000000;\"><span style=\"font-family: Arial, sans-serif;\">Hands being drawn together <\/span><\/span><\/span><\/li>\n\t<li><span style=\"font-size:19px;\"><span style=\"color:#000000;\"><span style=\"font-family: Arial, sans-serif;\">Hearing a Mosquito<\/span><\/span><\/span><\/li>\n\t<li><span style=\"font-size:19px;\"><span style=\"color:#000000;\"><span style=\"font-family: Arial, sans-serif;\">Tasting sweet and sour <\/span><\/span><\/span><\/li>\n\t<li><span style=\"font-size:19px;\"><span style=\"color:#000000;\"><span style=\"font-family: Arial, sans-serif;\">Arm too stiff to bend <\/span><\/span><\/span><\/li>\n\t<li><span style=\"font-size:19px;\"><span style=\"color:#000000;\"><span style=\"font-family: Arial, sans-serif;\">Arm too heavy to lift <\/span><\/span><\/span><\/li>\n\t<li><span style=\"font-size:19px;\"><span style=\"color:#000000;\"><span style=\"font-family: Arial, sans-serif;\">Hearing Music <\/span><\/span><\/span><\/li>\n\t<li><span style=\"font-size:19px;\"><span style=\"color:#000000;\"><span style=\"font-family: Arial, sans-serif;\">Seeing 2 coloured balls <\/span><\/span><\/span><\/li>\n\t<li><span style=\"font-size:19px;\"><span style=\"color:#000000;\"><span style=\"font-family: Arial, sans-serif;\">It being difficult to recall what happened <\/span><\/span><\/span><\/li>\n\t<li><span style=\"font-size:19px;\"><span style=\"color:#000000;\"><span style=\"font-family: Arial, sans-serif;\">Being asked to press the space 6 times when you saw ''Please Wait'' on the screen. <\/span><\/span><\/span><\/li>\n<\/ul>\n\n<div>&nbsp;<\/div>\n\n<div><span style=\"font-size:19px;\"><span style=\"color:#000000;\"><span style=\"font-family: Arial, sans-serif;\">Here is your FIRST attempt to recall what happened during the procedure: <\/span><\/span><\/span><\/div>\n\n<div>&nbsp;<\/div>\n\n<div><span style=\"font-size:19px;\"><span style=\"color:#000000;\"><span style=\"font-family: Arial, sans-serif;\">${q:\/\/QID27\/ChoiceTextEntryValue}<\/span><\/span><\/span><\/div>\n\n<div>&nbsp;<\/div>\n\n<div><span style=\"font-size:19px;\"><span style=\"color:#000000;\"><span style=\"font-family: Arial, sans-serif;\">Please enter a number between 0 and 10 indicating how many of the above 10 experiences you listed:<\/span><\/span><\/span><\/div>","DefaultChoices":false,"DataExportTag":"recall before","QuestionType":"TE","Selector":"SL","Configuration":{"QuestionDescriptionOption":"UseText"},"QuestionDescription":"Feedback \u00a0 Here is a list of all the things you were asked to experience during the procedure: Ha...","Validation":{"Settings":{"ForceResponse":"ON","ForceResponseType":"ON","Type":"ContentType","ContentType":"ValidNumber","ValidDateType":"DateWithFormat","ValidPhoneType":"ValidUSPhone","ValidZipType":"ValidUSZip","ValidNumber":{"Min":"0","Max":"10"}}},"GradingData":[],"Language":[],"NextChoiceId":4,"NextAnswerId":1,"SearchSource":{"AllowFreeResponse":"false"},"QuestionID":"QID34","DataVisibility":{"Private":false,"Hidden":false}}},{"SurveyID":"SV_1Age0rnGB2wA2Wy","Element":"SQ","PrimaryAttribute":"QID37","SecondaryAttribute":"Feedback \u00a0 Here is a list of all the things you were asked to experience during the procedure: Ha..","TertiaryAttribute":null,"Payload":{"QuestionText":"<h1 style=\"text-align: center;\"><span style=\"font-size:19px;\"><strong><span style=\"color:#000000;\"><span style=\"font-family: Arial, sans-serif;\">Feedback <\/span><\/span><\/strong><\/span><\/h1>\n\n<div>&nbsp;<\/div>\n\n<div><span style=\"font-size:19px;\"><span style=\"color:#000000;\"><span style=\"font-family: Arial, sans-serif;\">Here is a list of all the things you were asked to experience during the procedure: <\/span><\/span><\/span><\/div><div><span style=\"font-size:19px;\"><span style=\"color:#000000;\"><span style=\"font-family: Arial, sans-serif;\"><br><\/span><\/span><\/span><\/div>\n\n<ul>\n\t<li><span style=\"font-size:19px;\"><span style=\"color:#000000;\"><span style=\"font-family: Arial, sans-serif;\">Hand too heavy to keep it out straight<\/span><\/span><\/span><\/li>\n\t<li><span style=\"font-size:19px;\"><span style=\"color:#000000;\"><span style=\"font-family: Arial, sans-serif;\">Hands being drawn together <\/span><\/span><\/span><\/li>\n\t<li><span style=\"font-size:19px;\"><span style=\"color:#000000;\"><span style=\"font-family: Arial, sans-serif;\">Hearing a Mosquito <\/span><\/span><\/span><\/li>\n\t<li><span style=\"font-size:19px;\"><span style=\"color:#000000;\"><span style=\"font-family: Arial, sans-serif;\">Tasting sweet and sour <\/span><\/span><\/span><\/li>\n\t<li><span style=\"font-size:19px;\"><span style=\"color:#000000;\"><span style=\"font-family: Arial, sans-serif;\">Arm too stiff to bend <\/span><\/span><\/span><\/li>\n\t<li><span style=\"font-size:19px;\"><span style=\"color:#000000;\"><span style=\"font-family: Arial, sans-serif;\">Arm too heavy to lift <\/span><\/span><\/span><\/li>\n\t<li><span style=\"font-size:19px;\"><span style=\"color:#000000;\"><span style=\"font-family: Arial, sans-serif;\">Hearing Music <\/span><\/span><\/span><\/li>\n\t<li><span style=\"font-size:19px;\"><span style=\"color:#000000;\"><span style=\"font-family: Arial, sans-serif;\">Seeing 2 coloured balls <\/span><\/span><\/span><\/li>\n\t<li><span style=\"font-size:19px;\"><span style=\"color:#000000;\"><span style=\"font-family: Arial, sans-serif;\">It being difficult to recall what happened <\/span><\/span><\/span><\/li>\n\t<li><span style=\"font-size:19px;\"><span style=\"color:#000000;\"><span style=\"font-family: Arial, sans-serif;\">Being asked to press the space 6 times when you saw ''Please Wait'' on the screen. <\/span><\/span><\/span><\/li>\n<\/ul>\n\n<div>&nbsp;<\/div>\n\n<div><span style=\"font-size:19px;\"><span style=\"color:#000000;\"><span style=\"font-family: Arial, sans-serif;\">Here is your SECOND attempt to recall what happened during the procedure: <\/span><\/span><\/span><\/div>\n\n<div>&nbsp;<\/div>\n\n<div><span style=\"font-size:19px;\"><span style=\"color:#000000;\"><span style=\"font-family: Arial, sans-serif;\">${q:\/\/QID31\/ChoiceTextEntryValue}<\/span><\/span><\/span><\/div>\n\n<div>&nbsp;<\/div>\n\n<div><span style=\"font-size:19px;\"><span style=\"color:#000000;\"><span style=\"font-family: Arial, sans-serif;\">Please enter a number between 0 and 10 indicating how many of the above 10 experiences you listed:<\/span><\/span><\/span><\/div>","DefaultChoices":false,"DataExportTag":"recall after","QuestionType":"TE","Selector":"SL","DataVisibility":{"Private":false,"Hidden":false},"Configuration":{"QuestionDescriptionOption":"UseText"},"QuestionDescription":"Feedback \u00a0 Here is a list of all the things you were asked to experience during the procedure: Ha...","Validation":{"Settings":{"ForceResponse":"ON","ForceResponseType":"ON","Type":"ContentType","ContentType":"ValidNumber","ValidDateType":"DateWithFormat","ValidPhoneType":"ValidUSPhone","ValidZipType":"ValidUSZip","ValidNumber":{"Min":"0","Max":"10"}}},"GradingData":[],"Language":[],"NextChoiceId":4,"NextAnswerId":1,"SearchSource":{"AllowFreeResponse":"false"},"QuestionID":"QID37"}},{"SurveyID":"SV_1Age0rnGB2wA2Wy","Element":"SQ","PrimaryAttribute":"QID39","SecondaryAttribute":"Feedback We have now reached the experience scoring section.You will be presented, in chronologic...","TertiaryAttribute":null,"Payload":{"QuestionText":"<h1 style=\"text-align: center;\"><span style=\"font-size:22px;\"><strong>Feedback<\/strong><\/span><\/h1>\n\n<p><br>\n<span style=\"font-size:19px;\">We have now reached the experience scoring section.<\/span><br>\n<br>\n<span style=\"font-size:19px;\">You will be presented, in chronological order, with each of the experiences which were proposed to you during the exercise. You will be asked to provide a subjective rating for each experience, that is, how strongly you experienced each phenomenon. It is understood that your estimates may in some cases not be as accurate as you might wish them to be and that you might even have to guess. But we want you to make whatever you feel to be your best estimate regardless.<\/span><\/p>\n\n<p>&nbsp;<\/p>\n\n<p><span style=\"font-size:19px;\">Your subjective rating for each can be reported by entering a number on a scale from 0 to 5. Instructions for interpreting the subjective experience scale will be given for each experience.<\/span><\/p>","DefaultChoices":false,"DataExportTag":"Q39","QuestionID":"QID39","QuestionType":"DB","Selector":"TB","Configuration":{"QuestionDescriptionOption":"UseText"},"QuestionDescription":"Feedback We have now reached the experience scoring section.You will be presented, in chronologic...","ChoiceOrder":[],"Validation":{"Settings":{"Type":"None"}},"GradingData":[],"Language":[],"NextChoiceId":1,"NextAnswerId":1,"DataVisibility":{"Private":false,"Hidden":false}}},{"SurveyID":"SV_1Age0rnGB2wA2Wy","Element":"SQ","PrimaryAttribute":"QID5","SecondaryAttribute":"First Name:","TertiaryAttribute":null,"Payload":{"QuestionText":"First Name:","DefaultChoices":false,"DataExportTag":"First name","QuestionID":"QID5","QuestionType":"TE","Selector":"SL","DataVisibility":{"Private":false,"Hidden":false},"Configuration":{"QuestionDescriptionOption":"UseText"},"QuestionDescription":"First Name:","Validation":{"Settings":{"ForceResponse":"ON","ForceResponseType":"ON","Type":"None"}},"GradingData":[],"Language":[],"NextChoiceId":3,"NextAnswerId":1,"SearchSource":{"AllowFreeResponse":"false"}}},{"SurveyID":"SV_1Age0rnGB2wA2Wy","Element":"SQ","PrimaryAttribute":"QID9","SecondaryAttribute":"Gender:","TertiaryAttribute":null,"Payload":{"QuestionText":"<span style=\"color:#000000;\">Gender:<\/span>","DataExportTag":"gender","QuestionType":"MC","Selector":"SAVR","SubSelector":"TX","Configuration":{"QuestionDescriptionOption":"UseText","Autoscale":{"YScale":{"Name":"maleFemale","Type":"likert","Reverse":false}}},"QuestionDescription":"Gender:","Choices":{"23":{"Display":"Male"},"24":{"Display":"Female"},"25":{"Display":"Non-binary"},"26":{"Display":"Trans"},"27":{"Display":"Other \/ Prefer not to say"}},"ChoiceOrder":["23","24","25","26","27"],"Validation":{"Settings":{"ForceResponse":"ON","ForceResponseType":"ON","Type":"None"}},"Language":[],"NextChoiceId":28,"NextAnswerId":1,"QuestionID":"QID9","DataVisibility":{"Private":false,"Hidden":false}}},{"SurveyID":"SV_1Age0rnGB2wA2Wy","Element":"SQ","PrimaryAttribute":"QID79","SecondaryAttribute":"Last Name:","TertiaryAttribute":null,"Payload":{"QuestionText":"Last Name:","DefaultChoices":false,"DataExportTag":"Last name","QuestionID":"QID79","QuestionType":"TE","Selector":"SL","DataVisibility":{"Private":false,"Hidden":false},"Configuration":{"QuestionDescriptionOption":"UseText","InputWidth":524,"InputHeight":29},"QuestionDescription":"Last Name:","Validation":{"Settings":{"ForceResponse":"ON","ForceResponseType":"ON","Type":"None"}},"GradingData":[],"Language":[],"NextChoiceId":4,"NextAnswerId":1,"SearchSource":{"AllowFreeResponse":"false"}}},{"SurveyID":"SV_1Age0rnGB2wA2Wy","Element":"SQ","PrimaryAttribute":"QID73","SecondaryAttribute":"On a scale from 0 to 5, how strongly did you taste a sour taste in your mouth, where 0 means you...","TertiaryAttribute":null,"Payload":{"QuestionText":"<div>\n<p><span style=\"font-family: Arial, sans-serif;\">On a scale from 0 to 5, how strongly did you taste a sour taste in your mouth, where 0 means you felt no taste at all and 5 means you felt a strong taste?<\/span><\/p>\n<\/div>","DataExportTag":"4Tastesoursubj2","QuestionType":"MC","Selector":"SAHR","SubSelector":"TX","DataVisibility":{"Private":false,"Hidden":false},"Configuration":{"QuestionDescriptionOption":"UseText","LabelPosition":"BELOW"},"QuestionDescription":"On a scale from 0 to 5, how strongly did you taste a sour taste in your mouth, where 0 means you...","Choices":{"1":{"Display":"<span style=\"color:#000000;\">No taste<br \/>\n0<\/span>"},"2":{"Display":"<span style=\"color:#000000;\">1<\/span>"},"3":{"Display":"<span style=\"color:#000000;\">2<\/span>"},"4":{"Display":"<span style=\"color:#000000;\">3<\/span>"},"5":{"Display":"<span style=\"color:#000000;\">4<\/span>"},"6":{"Display":"<span style=\"color:#000000;\">Strong taste<br \/>\n5<\/span>"}},"ChoiceOrder":[1,2,3,4,5,6],"Validation":{"Settings":{"ForceResponse":"ON","ForceResponseType":"ON","Type":"None"}},"Language":[],"NextChoiceId":7,"NextAnswerId":1,"QuestionID":"QID73"}},{"SurveyID":"SV_1Age0rnGB2wA2Wy","Element":"SQ","PrimaryAttribute":"QID68","SecondaryAttribute":"On a scale from 0 to 5, report how clearly you remembered being given the instruction to press th...","TertiaryAttribute":null,"Payload":{"QuestionText":"<p>On a scale from 0 to 5, report how clearly you remembered being given the instruction to press the space bar six times, where 0 means you were able at that time to remember the instruction normally and 5 means you had no memory of the instruction at that time.<\/p>","DataExportTag":"10spacebarsubj2","QuestionType":"MC","Selector":"SAHR","SubSelector":"TX","DataVisibility":{"Private":false,"Hidden":false},"Configuration":{"QuestionDescriptionOption":"UseText","LabelPosition":"BELOW"},"QuestionDescription":"On a scale from 0 to 5, report how clearly you remembered being given the instruction to press th...","Choices":{"1":{"Display":"<span style=\"color:#000000;\">Normal memory of instruction<br \/>\n0<\/span>"},"2":{"Display":"<span style=\"color:#000000;\">1<\/span>"},"3":{"Display":"<span style=\"color:#000000;\">2<\/span>"},"4":{"Display":"<span style=\"color:#000000;\">3<\/span>"},"5":{"Display":"<span style=\"color:#000000;\">4<\/span>"},"6":{"Display":"<span style=\"color:#000000;\">No memory of instruction<br \/>\n5<\/span>"}},"ChoiceOrder":[1,2,3,4,5,6],"Validation":{"Settings":{"ForceResponse":"ON","ForceResponseType":"ON","Type":"None"}},"Language":[],"NextChoiceId":7,"NextAnswerId":1,"QuestionID":"QID68"}},{"SurveyID":"SV_1Age0rnGB2wA2Wy","Element":"SQ","PrimaryAttribute":"QID21","SecondaryAttribute":"Once you have completed the above question, please click through to the next page.","TertiaryAttribute":null,"Payload":{"QuestionText":"<span style=\"color:#000000;\">Once you have completed the above question, please click through to the next page.<\/span>","DefaultChoices":false,"DataExportTag":"Q21","QuestionType":"DB","Selector":"TB","Configuration":{"QuestionDescriptionOption":"UseText"},"QuestionDescription":"Once you have completed the above question, please click through to the next page.","ChoiceOrder":[],"Validation":{"Settings":{"Type":"None"}},"GradingData":[],"Language":[],"NextChoiceId":1,"NextAnswerId":1,"QuestionID":"QID21","DataVisibility":{"Private":false,"Hidden":false}}},{"SurveyID":"SV_1Age0rnGB2wA2Wy","Element":"SQ","PrimaryAttribute":"QID1","SecondaryAttribute":"Participant Information \u00a0 \u00a0","TertiaryAttribute":null,"Payload":{"QuestionText":"<h1 style=\"text-align: center;\"><strong>Participant Information<\/strong><\/h1>\n\n<div>&nbsp;<\/div>\n\n<div>&nbsp;<\/div>","DefaultChoices":false,"DataExportTag":"Participant Info","QuestionType":"DB","Selector":"TB","Configuration":{"QuestionDescriptionOption":"UseText"},"QuestionDescription":"Participant Information \u00a0 \u00a0","ChoiceOrder":[],"Validation":{"Settings":{"Type":"None"}},"GradingData":[],"Language":[],"NextChoiceId":3,"NextAnswerId":1,"QuestionID":"QID1","DataVisibility":{"Private":false,"Hidden":false}}},{"SurveyID":"SV_1Age0rnGB2wA2Wy","Element":"SQ","PrimaryAttribute":"QID20","SecondaryAttribute":"Please enter the colour of the balls you saw on the previous screen.","TertiaryAttribute":null,"Payload":{"QuestionText":"<span style=\"color:#000000;\">Please enter the colour of the balls you saw on the previous screen.<\/span>","DefaultChoices":false,"DataExportTag":"colour","QuestionID":"QID20","QuestionType":"TE","Selector":"SL","Configuration":{"QuestionDescriptionOption":"UseText"},"QuestionDescription":"Please enter the colour of the balls you saw on the previous screen.","Validation":{"Settings":{"ForceResponse":"OFF","ForceResponseType":"ON","Type":"None"}},"GradingData":[],"Language":[],"NextChoiceId":4,"NextAnswerId":1,"SearchSource":{"AllowFreeResponse":"false"},"DataVisibility":{"Private":false,"Hidden":false}}},{"SurveyID":"SV_1Age0rnGB2wA2Wy","Element":"SQ","PrimaryAttribute":"QID22","SecondaryAttribute":"PLEASE LISTEN CAREFULLY TO THE INSTRUCTIONS. ONLY PROCEED WHEN TOLD TO DO SO.","TertiaryAttribute":null,"Payload":{"QuestionText":"<span style=\"color:#000000;\"><span style=\"font-family: Arial, sans-serif; font-size: 22px; text-align: center;\">PLEASE LISTEN CAREFULLY TO THE INSTRUCTIONS.<\/span><\/span>\n<div><span style=\"color:#000000;\"><span style=\"font-family: Arial, sans-serif; font-size: 22px; text-align: center;\">ONLY PROCEED WHEN TOLD TO DO SO.<\/span><\/span><\/div>","DefaultChoices":false,"DataExportTag":"Q22","QuestionType":"DB","Selector":"TB","Configuration":{"QuestionDescriptionOption":"UseText"},"QuestionDescription":"PLEASE LISTEN CAREFULLY TO THE INSTRUCTIONS. ONLY PROCEED WHEN TOLD TO DO SO.","ChoiceOrder":[],"Validation":{"Settings":{"Type":"None"}},"GradingData":[],"Language":[],"NextChoiceId":1,"NextAnswerId":1,"QuestionID":"QID22","DataVisibility":{"Private":false,"Hidden":false}}},{"SurveyID":"SV_1Age0rnGB2wA2Wy","Element":"SQ","PrimaryAttribute":"QID18","SecondaryAttribute":"Please press play on the video below to begin the exercise.\u00a0 Then listen carefully to the instruc..","TertiaryAttribute":null,"Payload":{"QuestionText":"<span style=\"color:#000000;\"><span style=\"font-size:22px;\"><span style=\"font-family: Arial, sans-serif; text-align: center;\">Please press play on the video below to begin the exercise.&nbsp;<\/span><\/span><\/span>\n\n<div><span style=\"color:#000000;\"><span style=\"font-size:22px;\"><span style=\"font-family: Arial, sans-serif; text-align: center;\"><br><\/span><\/span><\/span><\/div><div><span style=\"color:#000000;\"><span style=\"font-size:22px;\"><span style=\"font-family: Arial, sans-serif; text-align: center;\">Then listen carefully to the instructions.<\/span><\/span><\/span><\/div>","DefaultChoices":false,"DataExportTag":"Press Play","QuestionID":"QID18","QuestionType":"DB","Selector":"TB","Configuration":{"QuestionDescriptionOption":"UseText"},"QuestionDescription":"Please press play on the video below to begin the exercise.\u00a0 Then listen carefully to the instruc...","ChoiceOrder":[],"Validation":{"Settings":{"Type":"None"}},"GradingData":[],"Language":[],"NextChoiceId":1,"NextAnswerId":1,"DataVisibility":{"Private":false,"Hidden":false}}},{"SurveyID":"SV_1Age0rnGB2wA2Wy","Element":"SQ","PrimaryAttribute":"QID70","SecondaryAttribute":"PLEASE WAIT....","TertiaryAttribute":null,"Payload":{"QuestionText":"<span style=\"color:#000000;\"><span style=\"font-family: Arial, sans-serif; font-size: 32px;\">PLEASE WAIT....<\/span><\/span>","DefaultChoices":false,"DataExportTag":"10spaceactual","QuestionID":"QID70","QuestionType":"DB","Selector":"TB","DataVisibility":{"Private":false,"Hidden":false},"Configuration":{"QuestionDescriptionOption":"UseText"},"QuestionDescription":"PLEASE WAIT....","ChoiceOrder":[],"Validation":{"Settings":{"Type":"None"}},"GradingData":[],"Language":[],"NextChoiceId":9,"NextAnswerId":1,"QuestionJS":"Qualtrics.SurveyEngine.addOnload(function()\n{\n\n});\n\nQualtrics.SurveyEngine.addOnReady(function()\n{\n\nvar i = 0;                                                 \n document.onkeydown = function(event) {                                                \n   if(event.which == 32){                                                             \n     event.preventDefault();                                                           \n     i++;                                                                            \n     Qualtrics.SurveyEngine.setEmbeddedData(\"count\",i);                    \n   }\n }\n\n});\n\nQualtrics.SurveyEngine.addOnUnload(function()\n{\n\t\/*Place your JavaScript here to run when the page is unloaded*\/\n\n});"}},{"SurveyID":"SV_1Age0rnGB2wA2Wy","Element":"SQ","PrimaryAttribute":"QID16","SecondaryAttribute":"Preliminary Instructions \u00a0 Please find a comfortable sitting position in front of the computer. M..","TertiaryAttribute":null,"Payload":{"QuestionText":"<div style=\"text-align: center;\"><span style=\"color:#000000;\"><span style=\"font-size: 27pt; font-family: Arial, sans-serif; font-weight: normal;\">Preliminary Instructions<\/span><\/span><\/div>\n\n<p>&nbsp;<\/p>\n\n<p><span style=\"font-size:19px;\"><span style=\"color: rgb(0, 0, 0);\"><span style=\"font-family: Arial, sans-serif;\">Please find a comfortable sitting position in front of the computer. Make sure you will not be disturbed for the next 60 minutes. The experiment should be completed in a quiet environment and using headphones throughout.<\/span>&nbsp;<br \/>\n<br \/>\nStart the exercise by continuing on to the next page when you are ready.<\/span><\/span><\/p>","DefaultChoices":false,"DataExportTag":"Prelim Instructions","QuestionID":"QID16","QuestionType":"DB","Selector":"TB","Configuration":{"QuestionDescriptionOption":"UseText"},"QuestionDescription":"Preliminary Instructions \u00a0 Please find a comfortable sitting position in front of the computer. M...","ChoiceOrder":[],"Validation":{"Settings":{"Type":"None"}},"GradingData":[],"Language":[],"NextChoiceId":6,"NextAnswerId":1,"DataVisibility":{"Private":false,"Hidden":false}}},{"SurveyID":"SV_1Age0rnGB2wA2Wy","Element":"SQ","PrimaryAttribute":"QID13","SecondaryAttribute":"Sound Check \u00a0 Click on play to hear a tune and use the in-line volume control on your headphones...","TertiaryAttribute":null,"Payload":{"QuestionText":"<div style=\"text-align: center;\"><span style=\"color:#000000;\"><span style=\"font-size: 27pt; font-family: Arial, sans-serif; font-weight: normal;\">Sound Check<\/span><\/span><\/div>\n\n<div style=\"text-align: center;\">&nbsp;<\/div>\n\n<p><span style=\"font-size:19px;\"><span style=\"color:#000000;\"><span style=\"font-family: Arial, sans-serif;\">Click on play to hear a tune and use the in-line volume control on your headphones to adjust the volume until it is moderately loud. Once you are happy with the volume you can click on the arrow in the bottom right of the screen to continue.&nbsp; Please keep your headphones on for the FULL duration of the experiment.<\/span><\/span><\/span><\/p>","DefaultChoices":false,"DataExportTag":"Sound check","QuestionID":"QID13","QuestionType":"DB","Selector":"TB","Configuration":{"QuestionDescriptionOption":"UseText"},"QuestionDescription":"Sound Check \u00a0 Click on play to hear a tune and use the in-line volume control on your headphones...","ChoiceOrder":[],"Validation":{"Settings":{"Type":"None"}},"GradingData":[],"Language":[],"NextChoiceId":1,"NextAnswerId":1,"DataVisibility":{"Private":false,"Hidden":false}}},{"SurveyID":"SV_1Age0rnGB2wA2Wy","Element":"SQ","PrimaryAttribute":"QID31","SecondaryAttribute":"Testing \u00a0 Briefly type anything else that you now remember that you did not remember previously....","TertiaryAttribute":null,"Payload":{"QuestionText":"<h1 style=\"text-align: center;\"><span style=\"color:#000000;\"><span style=\"font-size: 13.5pt; font-family: Arial, sans-serif;\">Testing<\/span><\/span><\/h1>\n\n<p>&nbsp;<\/p>\n\n<p><span style=\"font-size:16px;\"><span style=\"font-family: Arial, sans-serif;\">Briefly type anything else that you now remember that you did not remember previously. Please do not go in to detail. You are limited to 600 characters and the system will automatically accept whatever you have written after 2 minutes.<\/span><\/span><\/p>","DefaultChoices":false,"DataExportTag":"listevents2","QuestionType":"TE","Selector":"ESTB","DataVisibility":{"Private":false,"Hidden":false},"Configuration":{"QuestionDescriptionOption":"UseText","InputWidth":680,"InputHeight":100},"QuestionDescription":"Testing \u00a0 Briefly type anything else that you now remember that you did not remember previously....","Validation":{"Settings":{"ForceResponse":"OFF","ForceResponseType":"ON","Type":"TotalChar","TotalChars":"600"}},"GradingData":[],"Language":[],"NextChoiceId":4,"NextAnswerId":1,"SearchSource":{"AllowFreeResponse":"false"},"QuestionID":"QID31"}},{"SurveyID":"SV_1Age0rnGB2wA2Wy","Element":"SQ","PrimaryAttribute":"QID27","SecondaryAttribute":"Testing \u00a0 Please briefly type, in your own words, a list of the things that happened since the pr..","TertiaryAttribute":null,"Payload":{"QuestionText":"<h1 style=\"text-align: center;\"><span style=\"color:#000000;\"><span style=\"font-size: 13.5pt; font-family: Arial, sans-serif;\">Testing<\/span><\/span><\/h1>\n\n<p style=\"text-align: center;\">&nbsp;<\/p>\n<span style=\"font-size:16px;\"><span style=\"font-family: Arial, sans-serif;\">Please briefly type, in your own words, a list of the things that happened since the procedure began. Do not go into detail. You are limited to 600 characters and the system will automatically accept whatever you have written after 2 minutes.<\/span><\/span>","DefaultChoices":false,"DataExportTag":"listevents1","QuestionType":"TE","Selector":"ESTB","Configuration":{"QuestionDescriptionOption":"UseText","InputWidth":680,"InputHeight":100},"QuestionDescription":"Testing \u00a0 Please briefly type, in your own words, a list of the things that happened since the pr...","Validation":{"Settings":{"ForceResponse":"OFF","ForceResponseType":"ON","Type":"TotalChar","TotalChars":"600"}},"GradingData":[],"Language":[],"NextChoiceId":4,"NextAnswerId":1,"SearchSource":{"AllowFreeResponse":"false"},"QuestionID":"QID27","DataVisibility":{"Private":false,"Hidden":false}}},{"SurveyID":"SV_1Age0rnGB2wA2Wy","Element":"SQ","PrimaryAttribute":"QID227","SecondaryAttribute":"Thank you for completing the study. You may recall that during the session today, you were asked...","TertiaryAttribute":null,"Payload":{"QuestionText":"Thank you for completing the study.\r\n\r\nYou may recall that during the session today, you were asked to hold up your hand when you heard a recording of \u2018Happy Birthday to You\u2019. In fact, no recording was played. Also, near the end of the session, you were told that you would see two balls on the screen. Actually, there were three balls in the picture. The purpose of these two items was not to deceive you. We know from past research that the perception of persons who are highly skilled in controlling their subjective experience will sometimes be altered to coincide with that which was proposed. Our intention with respect to these items was to assess your ability to create perceptual alterations.","DefaultChoices":false,"DataExportTag":"Debrief","QuestionType":"DB","Selector":"TB","Configuration":{"QuestionDescriptionOption":"UseText"},"QuestionDescription":"Thank you for completing the study. You may recall that during the session today, you were asked...","ChoiceOrder":[],"Validation":{"Settings":{"Type":"None"}},"GradingData":[],"Language":[],"NextChoiceId":4,"NextAnswerId":1,"QuestionID":"QID227","DataVisibility":{"Private":false,"Hidden":false}}},{"SurveyID":"SV_1Age0rnGB2wA2Wy","Element":"SQ","PrimaryAttribute":"QID28","SecondaryAttribute":"Timing","TertiaryAttribute":null,"Payload":{"QuestionText":"Timing","DefaultChoices":false,"DataExportTag":"listevents1timer","QuestionType":"Timing","Selector":"PageTimer","Configuration":{"QuestionDescriptionOption":"UseText","MinSeconds":"0","MaxSeconds":120,"ShowTimer":true,"Seconds":120},"QuestionDescription":"Timing","Choices":{"1":{"Display":"First Click"},"2":{"Display":"Last Click"},"3":{"Display":"Page Submit"},"4":{"Display":"Click Count"}},"GradingData":[],"Language":[],"NextChoiceId":164,"NextAnswerId":1,"QuestionID":"QID28","DataVisibility":{"Private":false,"Hidden":false}}},{"SurveyID":"SV_1Age0rnGB2wA2Wy","Element":"SQ","PrimaryAttribute":"QID38","SecondaryAttribute":"Timing","TertiaryAttribute":null,"Payload":{"QuestionText":"Timing","DefaultChoices":false,"DataExportTag":"listevents2timer","QuestionType":"Timing","Selector":"PageTimer","Configuration":{"QuestionDescriptionOption":"UseText","MinSeconds":22,"MaxSeconds":120,"ShowTimer":true,"Seconds":120},"QuestionDescription":"Timing","Choices":{"1":{"Display":"First Click"},"2":{"Display":"Last Click"},"3":{"Display":"Page Submit"},"4":{"Display":"Click Count"}},"GradingData":[],"Language":[],"NextChoiceId":408,"NextAnswerId":1,"QuestionID":"QID38","DataVisibility":{"Private":false,"Hidden":false}}},{"SurveyID":"SV_1Age0rnGB2wA2Wy","Element":"SQ","PrimaryAttribute":"QID71","SecondaryAttribute":"Timing","TertiaryAttribute":null,"Payload":{"QuestionText":"Timing","DefaultChoices":false,"DataExportTag":"10spaceactualtimer","QuestionType":"Timing","Selector":"PageTimer","Configuration":{"QuestionDescriptionOption":"UseText","MinSeconds":20,"MaxSeconds":15},"QuestionDescription":"Timing","Choices":{"1":{"Display":"First Click"},"2":{"Display":"Last Click"},"3":{"Display":"Page Submit"},"4":{"Display":"Click Count"}},"GradingData":[],"Language":[],"NextChoiceId":108,"NextAnswerId":1,"QuestionID":"QID71","DataVisibility":{"Private":false,"Hidden":false}}},{"SurveyID":"SV_1Age0rnGB2wA2Wy","Element":"SQ","PrimaryAttribute":"QID75","SecondaryAttribute":"Timing","TertiaryAttribute":null,"Payload":{"QuestionText":"Timing","DefaultChoices":false,"DataExportTag":"Q75","QuestionType":"Timing","Selector":"PageTimer","Configuration":{"QuestionDescriptionOption":"UseText","MinSeconds":1030,"MaxSeconds":0},"QuestionDescription":"Timing","Choices":{"1":{"Display":"First Click"},"2":{"Display":"Last Click"},"3":{"Display":"Page Submit"},"4":{"Display":"Click Count"}},"GradingData":[],"Language":[],"NextChoiceId":992,"NextAnswerId":1,"QuestionID":"QID75","DataVisibility":{"Private":false,"Hidden":false}}},{"SurveyID":"SV_1Age0rnGB2wA2Wy","Element":"SQ","PrimaryAttribute":"QID94","SecondaryAttribute":"Timing","TertiaryAttribute":null,"Payload":{"QuestionText":"Timing","DefaultChoices":false,"DataExportTag":"Q94","QuestionType":"Timing","Selector":"D","Configuration":{"QuestionDescriptionOption":"UseText","MinSeconds":77,"MaxSeconds":76,"Seconds":10,"CountDirection":"Decrementing"},"QuestionDescription":"Timing","Choices":{"1":{"Display":"First Click"},"2":{"Display":"Last Click"},"3":{"Display":"Page Submit"},"4":{"Display":"Click Count"}},"GradingData":[],"Language":[],"NextChoiceId":432,"NextAnswerId":1,"QuestionID":"QID94","DataVisibility":{"Private":false,"Hidden":false}}}]}